{
  "name": "node-lxc-native",
  "version": "0.1.0",
  "lockfileVersion": 3,
  "requires": true,
  "packages": {
    "": {
      "name": "node-lxc-native",
      "version": "0.1.0",
      "license": "MIT",
      "devDependencies": {
        "node-addon-api": "^8.1.0"
      }
    },
    "node_modules/node-addon-api": {
      "version": "8.2.2",
      "resolved": "https://registry.npmjs.org/node-addon-api/-/node-addon-api-8.2.2.tgz",
      "integrity": "sha512-9emqXAKhVoNrQ792nLI/wpzPpJ/bj/YXxW0CvAau1+RdGBcCRF1Dmz7719zgVsQNrzHl9Tzn3ImZ4qWFarWL0A==",
      "dev": true,
      "license": "MIT",
      "engines": {
        "node": "^18 || ^20 || >= 21"
      }
    }
  }
}
