{
  "name": "node-lxc-native",
  "version": "0.1.0",
  "lockfileVersion": 3,
  "requires": true,
  "packages": {
    "": {
      "name": "node-lxc-native",
      "version": "0.1.0",
      "license": "MIT",
      "devDependencies": {
        "node-addon-api": "^8.1.0"
      }
    },
    "node_modules/node-addon-api": {
      "version": "8.2.0",
      "resolved": "https://registry.npmjs.org/node-addon-api/-/node-addon-api-8.2.0.tgz",
      "integrity": "sha512-qnyuI2ROiCkye42n9Tj5aX1ns7rzj6n7zW1XReSnLSL9v/vbLeR6fJq6PU27YU/ICfYw6W7Ouk/N7cysWu/hlw==",
      "dev": true,
      "license": "MIT",
      "engines": {
        "node": "^18 || ^20 || >= 21"
      }
    }
  }
}
